// !$*UTF8*$!
{
	archiveVersion = 1;
	classes = {
	};
	objectVersion = 46;
	objects = {

/* Begin PBXBuildFile section */
		6F85105E1D380B8B00318907 /* AppDelegate.swift in Sources */ = {isa = PBXBuildFile; fileRef = 6F85105D1D380B8B00318907 /* AppDelegate.swift */; };
		6F8510601D380B8B00318907 /* ViewController.swift in Sources */ = {isa = PBXBuildFile; fileRef = 6F85105F1D380B8B00318907 /* ViewController.swift */; };
		6F8510631D380B8B00318907 /* Main.storyboard in Resources */ = {isa = PBXBuildFile; fileRef = 6F8510611D380B8B00318907 /* Main.storyboard */; };
		6F8510651D380B8B00318907 /* Assets.xcassets in Resources */ = {isa = PBXBuildFile; fileRef = 6F8510641D380B8B00318907 /* Assets.xcassets */; };
		6F8510681D380B8B00318907 /* LaunchScreen.storyboard in Resources */ = {isa = PBXBuildFile; fileRef = 6F8510661D380B8B00318907 /* LaunchScreen.storyboard */; };
		6F8510731D380B8B00318907 /* PokiDoki2Tests.swift in Sources */ = {isa = PBXBuildFile; fileRef = 6F8510721D380B8B00318907 /* PokiDoki2Tests.swift */; };
		6F85107E1D380B8B00318907 /* PokiDoki2UITests.swift in Sources */ = {isa = PBXBuildFile; fileRef = 6F85107D1D380B8B00318907 /* PokiDoki2UITests.swift */; };
		6F8510901D380CE400318907 /* PokemonSongFull.mp3 in Resources */ = {isa = PBXBuildFile; fileRef = 6F85108F1D380CE400318907 /* PokemonSongFull.mp3 */; };
		6F8510921D380D0700318907 /* PokemonSolidFont.ttf in Resources */ = {isa = PBXBuildFile; fileRef = 6F8510911D380D0700318907 /* PokemonSolidFont.ttf */; };
		6F8510941D380DB500318907 /* PokeData.csv in Resources */ = {isa = PBXBuildFile; fileRef = 6F8510931D380DB500318907 /* PokeData.csv */; };
		6F8510961D38158A00318907 /* PokeCell.swift in Sources */ = {isa = PBXBuildFile; fileRef = 6F8510951D38158A00318907 /* PokeCell.swift */; };
		6F8510981D3815AC00318907 /* PokeCell.xib in Resources */ = {isa = PBXBuildFile; fileRef = 6F8510971D3815AC00318907 /* PokeCell.xib */; };
		6F85109A1D38226000318907 /* Poke.swift in Sources */ = {isa = PBXBuildFile; fileRef = 6F8510991D38226000318907 /* Poke.swift */; };
		6F85109D1D3924B800318907 /* csv.swift in Sources */ = {isa = PBXBuildFile; fileRef = 6F85109C1D3924B800318907 /* csv.swift */; };
		6F85109F1D3949A900318907 /* DetailsScreen.swift in Sources */ = {isa = PBXBuildFile; fileRef = 6F85109E1D3949A900318907 /* DetailsScreen.swift */; };
		7469E3AA264D3FACBBC4DCE9 /* Pods_PokiDoki2UITests.framework in Frameworks */ = {isa = PBXBuildFile; fileRef = 212E0D95FD29C6212C6218C0 /* Pods_PokiDoki2UITests.framework */; };
		FED045E7B12ADF37826E9DAF /* Pods_PokiDoki2Tests.framework in Frameworks */ = {isa = PBXBuildFile; fileRef = 83600A5982BD19738A0890C3 /* Pods_PokiDoki2Tests.framework */; };
		FF16461F2EC95487F384D467 /* Pods_PokiDoki2.framework in Frameworks */ = {isa = PBXBuildFile; fileRef = 731373BD2A74E3C8533CAEBA /* Pods_PokiDoki2.framework */; };
/* End PBXBuildFile section */

/* Begin PBXContainerItemProxy section */
		6F85106F1D380B8B00318907 /* PBXContainerItemProxy */ = {
			isa = PBXContainerItemProxy;
			containerPortal = 6F8510521D380B8B00318907 /* Project object */;
			proxyType = 1;
			remoteGlobalIDString = 6F8510591D380B8B00318907;
			remoteInfo = PokiDoki2;
		};
		6F85107A1D380B8B00318907 /* PBXContainerItemProxy */ = {
			isa = PBXContainerItemProxy;
			containerPortal = 6F8510521D380B8B00318907 /* Project object */;
			proxyType = 1;
			remoteGlobalIDString = 6F8510591D380B8B00318907;
			remoteInfo = PokiDoki2;
		};
/* End PBXContainerItemProxy section */

/* Begin PBXFileReference section */
		1E10E947883352997DAA0795 /* Pods-PokiDoki2.release.xcconfig */ = {isa = PBXFileReference; includeInIndex = 1; lastKnownFileType = text.xcconfig; name = "Pods-PokiDoki2.release.xcconfig"; path = "Pods/Target Support Files/Pods-PokiDoki2/Pods-PokiDoki2.release.xcconfig"; sourceTree = "<group>"; };
		212E0D95FD29C6212C6218C0 /* Pods_PokiDoki2UITests.framework */ = {isa = PBXFileReference; explicitFileType = wrapper.framework; includeInIndex = 0; path = Pods_PokiDoki2UITests.framework; sourceTree = BUILT_PRODUCTS_DIR; };
		2873FA14C5C78B6249E1CC90 /* Pods-PokiDoki2Tests.release.xcconfig */ = {isa = PBXFileReference; includeInIndex = 1; lastKnownFileType = text.xcconfig; name = "Pods-PokiDoki2Tests.release.xcconfig"; path = "Pods/Target Support Files/Pods-PokiDoki2Tests/Pods-PokiDoki2Tests.release.xcconfig"; sourceTree = "<group>"; };
		5401D88FF3FED32374ED9351 /* Pods-PokiDoki2Tests.debug.xcconfig */ = {isa = PBXFileReference; includeInIndex = 1; lastKnownFileType = text.xcconfig; name = "Pods-PokiDoki2Tests.debug.xcconfig"; path = "Pods/Target Support Files/Pods-PokiDoki2Tests/Pods-PokiDoki2Tests.debug.xcconfig"; sourceTree = "<group>"; };
		6F85105A1D380B8B00318907 /* PokiDoki2.app */ = {isa = PBXFileReference; explicitFileType = wrapper.application; includeInIndex = 0; path = PokiDoki2.app; sourceTree = BUILT_PRODUCTS_DIR; };
		6F85105D1D380B8B00318907 /* AppDelegate.swift */ = {isa = PBXFileReference; lastKnownFileType = sourcecode.swift; path = AppDelegate.swift; sourceTree = "<group>"; };
		6F85105F1D380B8B00318907 /* ViewController.swift */ = {isa = PBXFileReference; lastKnownFileType = sourcecode.swift; path = ViewController.swift; sourceTree = "<group>"; };
		6F8510621D380B8B00318907 /* Base */ = {isa = PBXFileReference; lastKnownFileType = file.storyboard; name = Base; path = Base.lproj/Main.storyboard; sourceTree = "<group>"; };
		6F8510641D380B8B00318907 /* Assets.xcassets */ = {isa = PBXFileReference; lastKnownFileType = folder.assetcatalog; path = Assets.xcassets; sourceTree = "<group>"; };
		6F8510671D380B8B00318907 /* Base */ = {isa = PBXFileReference; lastKnownFileType = file.storyboard; name = Base; path = Base.lproj/LaunchScreen.storyboard; sourceTree = "<group>"; };
		6F8510691D380B8B00318907 /* Info.plist */ = {isa = PBXFileReference; lastKnownFileType = text.plist.xml; path = Info.plist; sourceTree = "<group>"; };
		6F85106E1D380B8B00318907 /* PokiDoki2Tests.xctest */ = {isa = PBXFileReference; explicitFileType = wrapper.cfbundle; includeInIndex = 0; path = PokiDoki2Tests.xctest; sourceTree = BUILT_PRODUCTS_DIR; };
		6F8510721D380B8B00318907 /* PokiDoki2Tests.swift */ = {isa = PBXFileReference; lastKnownFileType = sourcecode.swift; path = PokiDoki2Tests.swift; sourceTree = "<group>"; };
		6F8510741D380B8B00318907 /* Info.plist */ = {isa = PBXFileReference; lastKnownFileType = text.plist.xml; path = Info.plist; sourceTree = "<group>"; };
		6F8510791D380B8B00318907 /* PokiDoki2UITests.xctest */ = {isa = PBXFileReference; explicitFileType = wrapper.cfbundle; includeInIndex = 0; path = PokiDoki2UITests.xctest; sourceTree = BUILT_PRODUCTS_DIR; };
		6F85107D1D380B8B00318907 /* PokiDoki2UITests.swift */ = {isa = PBXFileReference; lastKnownFileType = sourcecode.swift; path = PokiDoki2UITests.swift; sourceTree = "<group>"; };
		6F85107F1D380B8B00318907 /* Info.plist */ = {isa = PBXFileReference; lastKnownFileType = text.plist.xml; path = Info.plist; sourceTree = "<group>"; };
		6F85108F1D380CE400318907 /* PokemonSongFull.mp3 */ = {isa = PBXFileReference; lastKnownFileType = audio.mp3; path = PokemonSongFull.mp3; sourceTree = "<group>"; };
		6F8510911D380D0700318907 /* PokemonSolidFont.ttf */ = {isa = PBXFileReference; lastKnownFileType = file; path = PokemonSolidFont.ttf; sourceTree = "<group>"; };
		6F8510931D380DB500318907 /* PokeData.csv */ = {isa = PBXFileReference; fileEncoding = 4; lastKnownFileType = text; path = PokeData.csv; sourceTree = "<group>"; };
		6F8510951D38158A00318907 /* PokeCell.swift */ = {isa = PBXFileReference; fileEncoding = 4; lastKnownFileType = sourcecode.swift; path = PokeCell.swift; sourceTree = "<group>"; };
		6F8510971D3815AC00318907 /* PokeCell.xib */ = {isa = PBXFileReference; fileEncoding = 4; lastKnownFileType = file.xib; path = PokeCell.xib; sourceTree = "<group>"; };
		6F8510991D38226000318907 /* Poke.swift */ = {isa = PBXFileReference; fileEncoding = 4; lastKnownFileType = sourcecode.swift; path = Poke.swift; sourceTree = "<group>"; };
		6F85109C1D3924B800318907 /* csv.swift */ = {isa = PBXFileReference; fileEncoding = 4; lastKnownFileType = sourcecode.swift; path = csv.swift; sourceTree = "<group>"; };
		6F85109E1D3949A900318907 /* DetailsScreen.swift */ = {isa = PBXFileReference; fileEncoding = 4; lastKnownFileType = sourcecode.swift; path = DetailsScreen.swift; sourceTree = "<group>"; };
		731373BD2A74E3C8533CAEBA /* Pods_PokiDoki2.framework */ = {isa = PBXFileReference; explicitFileType = wrapper.framework; includeInIndex = 0; path = Pods_PokiDoki2.framework; sourceTree = BUILT_PRODUCTS_DIR; };
		83600A5982BD19738A0890C3 /* Pods_PokiDoki2Tests.framework */ = {isa = PBXFileReference; explicitFileType = wrapper.framework; includeInIndex = 0; path = Pods_PokiDoki2Tests.framework; sourceTree = BUILT_PRODUCTS_DIR; };
		8E845A1EF28A979EF57AE3A9 /* Pods-PokiDoki2UITests.release.xcconfig */ = {isa = PBXFileReference; includeInIndex = 1; lastKnownFileType = text.xcconfig; name = "Pods-PokiDoki2UITests.release.xcconfig"; path = "Pods/Target Support Files/Pods-PokiDoki2UITests/Pods-PokiDoki2UITests.release.xcconfig"; sourceTree = "<group>"; };
		DDFFBF28F76E6883313372D4 /* Pods-PokiDoki2UITests.debug.xcconfig */ = {isa = PBXFileReference; includeInIndex = 1; lastKnownFileType = text.xcconfig; name = "Pods-PokiDoki2UITests.debug.xcconfig"; path = "Pods/Target Support Files/Pods-PokiDoki2UITests/Pods-PokiDoki2UITests.debug.xcconfig"; sourceTree = "<group>"; };
		F16BB95AF3E5CF86723CEF2D /* Pods-PokiDoki2.debug.xcconfig */ = {isa = PBXFileReference; includeInIndex = 1; lastKnownFileType = text.xcconfig; name = "Pods-PokiDoki2.debug.xcconfig"; path = "Pods/Target Support Files/Pods-PokiDoki2/Pods-PokiDoki2.debug.xcconfig"; sourceTree = "<group>"; };
/* End PBXFileReference section */

/* Begin PBXFrameworksBuildPhase section */
		6F8510571D380B8B00318907 /* Frameworks */ = {
			isa = PBXFrameworksBuildPhase;
			buildActionMask = 2147483647;
			files = (
				FF16461F2EC95487F384D467 /* Pods_PokiDoki2.framework in Frameworks */,
			);
			runOnlyForDeploymentPostprocessing = 0;
		};
		6F85106B1D380B8B00318907 /* Frameworks */ = {
			isa = PBXFrameworksBuildPhase;
			buildActionMask = 2147483647;
			files = (
				FED045E7B12ADF37826E9DAF /* Pods_PokiDoki2Tests.framework in Frameworks */,
			);
			runOnlyForDeploymentPostprocessing = 0;
		};
		6F8510761D380B8B00318907 /* Frameworks */ = {
			isa = PBXFrameworksBuildPhase;
			buildActionMask = 2147483647;
			files = (
				7469E3AA264D3FACBBC4DCE9 /* Pods_PokiDoki2UITests.framework in Frameworks */,
			);
			runOnlyForDeploymentPostprocessing = 0;
		};
/* End PBXFrameworksBuildPhase section */

/* Begin PBXGroup section */
		6F8510511D380B8B00318907 = {
			isa = PBXGroup;
			children = (
				6F85105C1D380B8B00318907 /* PokiDoki2 */,
				6F8510711D380B8B00318907 /* PokiDoki2Tests */,
				6F85107C1D380B8B00318907 /* PokiDoki2UITests */,
				6F85105B1D380B8B00318907 /* Products */,
				D52A301B32C0590A9C2A8E8C /* Pods */,
				838ED03F38B5F99F5B5E2020 /* Frameworks */,
			);
			sourceTree = "<group>";
		};
		6F85105B1D380B8B00318907 /* Products */ = {
			isa = PBXGroup;
			children = (
				6F85105A1D380B8B00318907 /* PokiDoki2.app */,
				6F85106E1D380B8B00318907 /* PokiDoki2Tests.xctest */,
				6F8510791D380B8B00318907 /* PokiDoki2UITests.xctest */,
			);
			name = Products;
			sourceTree = "<group>";
		};
		6F85105C1D380B8B00318907 /* PokiDoki2 */ = {
			isa = PBXGroup;
			children = (
				6F85109B1D39249800318907 /* Util */,
				6F85108E1D380CD900318907 /* Resources */,
				6F85108D1D380BA300318907 /* Controller */,
				6F85108C1D380B9D00318907 /* View */,
				6F85108B1D380B9400318907 /* Model */,
				6F85105D1D380B8B00318907 /* AppDelegate.swift */,
				6F8510611D380B8B00318907 /* Main.storyboard */,
				6F8510641D380B8B00318907 /* Assets.xcassets */,
				6F8510661D380B8B00318907 /* LaunchScreen.storyboard */,
				6F8510691D380B8B00318907 /* Info.plist */,
			);
			path = PokiDoki2;
			sourceTree = "<group>";
		};
		6F8510711D380B8B00318907 /* PokiDoki2Tests */ = {
			isa = PBXGroup;
			children = (
				6F8510721D380B8B00318907 /* PokiDoki2Tests.swift */,
				6F8510741D380B8B00318907 /* Info.plist */,
			);
			path = PokiDoki2Tests;
			sourceTree = "<group>";
		};
		6F85107C1D380B8B00318907 /* PokiDoki2UITests */ = {
			isa = PBXGroup;
			children = (
				6F85107D1D380B8B00318907 /* PokiDoki2UITests.swift */,
				6F85107F1D380B8B00318907 /* Info.plist */,
			);
			path = PokiDoki2UITests;
			sourceTree = "<group>";
		};
		6F85108B1D380B9400318907 /* Model */ = {
			isa = PBXGroup;
			children = (
				6F8510991D38226000318907 /* Poke.swift */,
			);
			name = Model;
			sourceTree = "<group>";
		};
		6F85108C1D380B9D00318907 /* View */ = {
			isa = PBXGroup;
			children = (
				6F8510951D38158A00318907 /* PokeCell.swift */,
				6F8510971D3815AC00318907 /* PokeCell.xib */,
			);
			name = View;
			sourceTree = "<group>";
		};
		6F85108D1D380BA300318907 /* Controller */ = {
			isa = PBXGroup;
			children = (
				6F85105F1D380B8B00318907 /* ViewController.swift */,
				6F85109E1D3949A900318907 /* DetailsScreen.swift */,
			);
			name = Controller;
			sourceTree = "<group>";
		};
		6F85108E1D380CD900318907 /* Resources */ = {
			isa = PBXGroup;
			children = (
				6F8510911D380D0700318907 /* PokemonSolidFont.ttf */,
				6F85108F1D380CE400318907 /* PokemonSongFull.mp3 */,
				6F8510931D380DB500318907 /* PokeData.csv */,
			);
			name = Resources;
			sourceTree = "<group>";
		};
		6F85109B1D39249800318907 /* Util */ = {
			isa = PBXGroup;
			children = (
				6F85109C1D3924B800318907 /* csv.swift */,
			);
			name = Util;
			sourceTree = "<group>";
		};
		838ED03F38B5F99F5B5E2020 /* Frameworks */ = {
			isa = PBXGroup;
			children = (
				731373BD2A74E3C8533CAEBA /* Pods_PokiDoki2.framework */,
				83600A5982BD19738A0890C3 /* Pods_PokiDoki2Tests.framework */,
				212E0D95FD29C6212C6218C0 /* Pods_PokiDoki2UITests.framework */,
			);
			name = Frameworks;
			sourceTree = "<group>";
		};
		D52A301B32C0590A9C2A8E8C /* Pods */ = {
			isa = PBXGroup;
			children = (
				F16BB95AF3E5CF86723CEF2D /* Pods-PokiDoki2.debug.xcconfig */,
				1E10E947883352997DAA0795 /* Pods-PokiDoki2.release.xcconfig */,
				5401D88FF3FED32374ED9351 /* Pods-PokiDoki2Tests.debug.xcconfig */,
				2873FA14C5C78B6249E1CC90 /* Pods-PokiDoki2Tests.release.xcconfig */,
				DDFFBF28F76E6883313372D4 /* Pods-PokiDoki2UITests.debug.xcconfig */,
				8E845A1EF28A979EF57AE3A9 /* Pods-PokiDoki2UITests.release.xcconfig */,
			);
			name = Pods;
			sourceTree = "<group>";
		};
/* End PBXGroup section */

/* Begin PBXNativeTarget section */
		6F8510591D380B8B00318907 /* PokiDoki2 */ = {
			isa = PBXNativeTarget;
			buildConfigurationList = 6F8510821D380B8B00318907 /* Build configuration list for PBXNativeTarget "PokiDoki2" */;
			buildPhases = (
				E6429F680D071D85682625E7 /* [CP] Check Pods Manifest.lock */,
				6F8510561D380B8B00318907 /* Sources */,
				6F8510571D380B8B00318907 /* Frameworks */,
				6F8510581D380B8B00318907 /* Resources */,
				08C70D0FE703A2D1EB99AF1E /* [CP] Embed Pods Frameworks */,
				28BAF1CA21CC58A18D8CA83C /* [CP] Copy Pods Resources */,
			);
			buildRules = (
			);
			dependencies = (
			);
			name = PokiDoki2;
			productName = PokiDoki2;
			productReference = 6F85105A1D380B8B00318907 /* PokiDoki2.app */;
			productType = "com.apple.product-type.application";
		};
		6F85106D1D380B8B00318907 /* PokiDoki2Tests */ = {
			isa = PBXNativeTarget;
			buildConfigurationList = 6F8510851D380B8B00318907 /* Build configuration list for PBXNativeTarget "PokiDoki2Tests" */;
			buildPhases = (
				74C8BFCB97FB096C0CCC5838 /* [CP] Check Pods Manifest.lock */,
				6F85106A1D380B8B00318907 /* Sources */,
				6F85106B1D380B8B00318907 /* Frameworks */,
				6F85106C1D380B8B00318907 /* Resources */,
				17ABBAACEB68D8774E01A456 /* [CP] Embed Pods Frameworks */,
				8E96791CBAC07B6776501909 /* [CP] Copy Pods Resources */,
			);
			buildRules = (
			);
			dependencies = (
				6F8510701D380B8B00318907 /* PBXTargetDependency */,
			);
			name = PokiDoki2Tests;
			productName = PokiDoki2Tests;
			productReference = 6F85106E1D380B8B00318907 /* PokiDoki2Tests.xctest */;
			productType = "com.apple.product-type.bundle.unit-test";
		};
		6F8510781D380B8B00318907 /* PokiDoki2UITests */ = {
			isa = PBXNativeTarget;
			buildConfigurationList = 6F8510881D380B8B00318907 /* Build configuration list for PBXNativeTarget "PokiDoki2UITests" */;
			buildPhases = (
				0EFE8A890C8C2A800124E028 /* [CP] Check Pods Manifest.lock */,
				6F8510751D380B8B00318907 /* Sources */,
				6F8510761D380B8B00318907 /* Frameworks */,
				6F8510771D380B8B00318907 /* Resources */,
				3E2957EF9A5B95AD7F2BE5BD /* [CP] Copy Pods Resources */,
			);
			buildRules = (
			);
			dependencies = (
				6F85107B1D380B8B00318907 /* PBXTargetDependency */,
			);
			name = PokiDoki2UITests;
			productName = PokiDoki2UITests;
			productReference = 6F8510791D380B8B00318907 /* PokiDoki2UITests.xctest */;
			productType = "com.apple.product-type.bundle.ui-testing";
		};
/* End PBXNativeTarget section */

/* Begin PBXProject section */
		6F8510521D380B8B00318907 /* Project object */ = {
			isa = PBXProject;
			attributes = {
				LastSwiftUpdateCheck = 0730;
				LastUpgradeCheck = 0730;
				ORGANIZATIONNAME = "hassen klai";
				TargetAttributes = {
					6F8510591D380B8B00318907 = {
						CreatedOnToolsVersion = 7.3.1;
					};
					6F85106D1D380B8B00318907 = {
						CreatedOnToolsVersion = 7.3.1;
						TestTargetID = 6F8510591D380B8B00318907;
					};
					6F8510781D380B8B00318907 = {
						CreatedOnToolsVersion = 7.3.1;
						TestTargetID = 6F8510591D380B8B00318907;
					};
				};
			};
			buildConfigurationList = 6F8510551D380B8B00318907 /* Build configuration list for PBXProject "PokiDoki2" */;
			compatibilityVersion = "Xcode 3.2";
			developmentRegion = English;
			hasScannedForEncodings = 0;
			knownRegions = (
				en,
				Base,
			);
			mainGroup = 6F8510511D380B8B00318907;
			productRefGroup = 6F85105B1D380B8B00318907 /* Products */;
			projectDirPath = "";
			projectRoot = "";
			targets = (
				6F8510591D380B8B00318907 /* PokiDoki2 */,
				6F85106D1D380B8B00318907 /* PokiDoki2Tests */,
				6F8510781D380B8B00318907 /* PokiDoki2UITests */,
			);
		};
/* End PBXProject section */

/* Begin PBXResourcesBuildPhase section */
		6F8510581D380B8B00318907 /* Resources */ = {
			isa = PBXResourcesBuildPhase;
			buildActionMask = 2147483647;
			files = (
				6F8510901D380CE400318907 /* PokemonSongFull.mp3 in Resources */,
				6F8510681D380B8B00318907 /* LaunchScreen.storyboard in Resources */,
				6F8510651D380B8B00318907 /* Assets.xcassets in Resources */,
				6F8510981D3815AC00318907 /* PokeCell.xib in Resources */,
				6F8510921D380D0700318907 /* PokemonSolidFont.ttf in Resources */,
				6F8510631D380B8B00318907 /* Main.storyboard in Resources */,
				6F8510941D380DB500318907 /* PokeData.csv in Resources */,
			);
			runOnlyForDeploymentPostprocessing = 0;
		};
		6F85106C1D380B8B00318907 /* Resources */ = {
			isa = PBXResourcesBuildPhase;
			buildActionMask = 2147483647;
			files = (
			);
			runOnlyForDeploymentPostprocessing = 0;
		};
		6F8510771D380B8B00318907 /* Resources */ = {
			isa = PBXResourcesBuildPhase;
			buildActionMask = 2147483647;
			files = (
			);
			runOnlyForDeploymentPostprocessing = 0;
		};
/* End PBXResourcesBuildPhase section */

/* Begin PBXShellScriptBuildPhase section */
		08C70D0FE703A2D1EB99AF1E /* [CP] Embed Pods Frameworks */ = {
			isa = PBXShellScriptBuildPhase;
			buildActionMask = 2147483647;
			files = (
			);
			inputPaths = (
			);
			name = "[CP] Embed Pods Frameworks";
			outputPaths = (
			);
			runOnlyForDeploymentPostprocessing = 0;
			shellPath = /bin/sh;
			shellScript = "\"${SRCROOT}/Pods/Target Support Files/Pods-PokiDoki2/Pods-PokiDoki2-frameworks.sh\"\n";
			showEnvVarsInLog = 0;
		};
		0EFE8A890C8C2A800124E028 /* [CP] Check Pods Manifest.lock */ = {
			isa = PBXShellScriptBuildPhase;
			buildActionMask = 2147483647;
			files = (
			);
			inputPaths = (
			);
			name = "[CP] Check Pods Manifest.lock";
			outputPaths = (
			);
			runOnlyForDeploymentPostprocessing = 0;
			shellPath = /bin/sh;
			shellScript = "diff \"${PODS_ROOT}/../Podfile.lock\" \"${PODS_ROOT}/Manifest.lock\" > /dev/null\nif [[ $? != 0 ]] ; then\n    cat << EOM\nerror: The sandbox is not in sync with the Podfile.lock. Run 'pod install' or update your CocoaPods installation.\nEOM\n    exit 1\nfi\n";
			showEnvVarsInLog = 0;
		};
		17ABBAACEB68D8774E01A456 /* [CP] Embed Pods Frameworks */ = {
			isa = PBXShellScriptBuildPhase;
			buildActionMask = 2147483647;
			files = (
			);
			inputPaths = (
			);
			name = "[CP] Embed Pods Frameworks";
			outputPaths = (
			);
			runOnlyForDeploymentPostprocessing = 0;
			shellPath = /bin/sh;
			shellScript = "\"${SRCROOT}/Pods/Target Support Files/Pods-PokiDoki2Tests/Pods-PokiDoki2Tests-frameworks.sh\"\n";
			showEnvVarsInLog = 0;
		};
		28BAF1CA21CC58A18D8CA83C /* [CP] Copy Pods Resources */ = {
			isa = PBXShellScriptBuildPhase;
			buildActionMask = 2147483647;
			files = (
			);
			inputPaths = (
			);
			name = "[CP] Copy Pods Resources";
			outputPaths = (
			);
			runOnlyForDeploymentPostprocessing = 0;
			shellPath = /bin/sh;
			shellScript = "\"${SRCROOT}/Pods/Target Support Files/Pods-PokiDoki2/Pods-PokiDoki2-resources.sh\"\n";
			showEnvVarsInLog = 0;
		};
		3E2957EF9A5B95AD7F2BE5BD /* [CP] Copy Pods Resources */ = {
			isa = PBXShellScriptBuildPhase;
			buildActionMask = 2147483647;
			files = (
			);
			inputPaths = (
			);
			name = "[CP] Copy Pods Resources";
			outputPaths = (
			);
			runOnlyForDeploymentPostprocessing = 0;
			shellPath = /bin/sh;
			shellScript = "\"${SRCROOT}/Pods/Target Support Files/Pods-PokiDoki2UITests/Pods-PokiDoki2UITests-resources.sh\"\n";
			showEnvVarsInLog = 0;
		};
		74C8BFCB97FB096C0CCC5838 /* [CP] Check Pods Manifest.lock */ = {
			isa = PBXShellScriptBuildPhase;
			buildActionMask = 2147483647;
			files = (
			);
			inputPaths = (
			);
			name = "[CP] Check Pods Manifest.lock";
			outputPaths = (
			);
			runOnlyForDeploymentPostprocessing = 0;
			shellPath = /bin/sh;
			shellScript = "diff \"${PODS_ROOT}/../Podfile.lock\" \"${PODS_ROOT}/Manifest.lock\" > /dev/null\nif [[ $? != 0 ]] ; then\n    cat << EOM\nerror: The sandbox is not in sync with the Podfile.lock. Run 'pod install' or update your CocoaPods installation.\nEOM\n    exit 1\nfi\n";
			showEnvVarsInLog = 0;
		};
		8E96791CBAC07B6776501909 /* [CP] Copy Pods Resources */ = {
			isa = PBXShellScriptBuildPhase;
			buildActionMask = 2147483647;
			files = (
			);
			inputPaths = (
			);
			name = "[CP] Copy Pods Resources";
			outputPaths = (
			);
			runOnlyForDeploymentPostprocessing = 0;
			shellPath = /bin/sh;
			shellScript = "\"${SRCROOT}/Pods/Target Support Files/Pods-PokiDoki2Tests/Pods-PokiDoki2Tests-resources.sh\"\n";
			showEnvVarsInLog = 0;
		};
		E6429F680D071D85682625E7 /* [CP] Check Pods Manifest.lock */ = {
			isa = PBXShellScriptBuildPhase;
			buildActionMask = 2147483647;
			files = (
			);
			inputPaths = (
			);
			name = "[CP] Check Pods Manifest.lock";
			outputPaths = (
			);
			runOnlyForDeploymentPostprocessing = 0;
			shellPath = /bin/sh;
			shellScript = "diff \"${PODS_ROOT}/../Podfile.lock\" \"${PODS_ROOT}/Manifest.lock\" > /dev/null\nif [[ $? != 0 ]] ; then\n    cat << EOM\nerror: The sandbox is not in sync with the Podfile.lock. Run 'pod install' or update your CocoaPods installation.\nEOM\n    exit 1\nfi\n";
			showEnvVarsInLog = 0;
		};
/* End PBXShellScriptBuildPhase section */

/* Begin PBXSourcesBuildPhase section */
		6F8510561D380B8B00318907 /* Sources */ = {
			isa = PBXSourcesBuildPhase;
			buildActionMask = 2147483647;
			files = (
				6F85109A1D38226000318907 /* Poke.swift in Sources */,
				6F8510961D38158A00318907 /* PokeCell.swift in Sources */,
				6F8510601D380B8B00318907 /* ViewController.swift in Sources */,
				6F85105E1D380B8B00318907 /* AppDelegate.swift in Sources */,
				6F85109F1D3949A900318907 /* DetailsScreen.swift in Sources */,
				6F85109D1D3924B800318907 /* csv.swift in Sources */,
			);
			runOnlyForDeploymentPostprocessing = 0;
		};
		6F85106A1D380B8B00318907 /* Sources */ = {
			isa = PBXSourcesBuildPhase;
			buildActionMask = 2147483647;
			files = (
				6F8510731D380B8B00318907 /* PokiDoki2Tests.swift in Sources */,
			);
			runOnlyForDeploymentPostprocessing = 0;
		};
		6F8510751D380B8B00318907 /* Sources */ = {
			isa = PBXSourcesBuildPhase;
			buildActionMask = 2147483647;
			files = (
				6F85107E1D380B8B00318907 /* PokiDoki2UITests.swift in Sources */,
			);
			runOnlyForDeploymentPostprocessing = 0;
		};
/* End PBXSourcesBuildPhase section */

/* Begin PBXTargetDependency section */
		6F8510701D380B8B00318907 /* PBXTargetDependency */ = {
			isa = PBXTargetDependency;
			target = 6F8510591D380B8B00318907 /* PokiDoki2 */;
			targetProxy = 6F85106F1D380B8B00318907 /* PBXContainerItemProxy */;
		};
		6F85107B1D380B8B00318907 /* PBXTargetDependency */ = {
			isa = PBXTargetDependency;
			target = 6F8510591D380B8B00318907 /* PokiDoki2 */;
			targetProxy = 6F85107A1D380B8B00318907 /* PBXContainerItemProxy */;
		};
/* End PBXTargetDependency section */

/* Begin PBXVariantGroup section */
		6F8510611D380B8B00318907 /* Main.storyboard */ = {
			isa = PBXVariantGroup;
			children = (
				6F8510621D380B8B00318907 /* Base */,
			);
			name = Main.storyboard;
			sourceTree = "<group>";
		};
		6F8510661D380B8B00318907 /* LaunchScreen.storyboard */ = {
			isa = PBXVariantGroup;
			children = (
				6F8510671D380B8B00318907 /* Base */,
			);
			name = LaunchScreen.storyboard;
			sourceTree = "<group>";
		};
/* End PBXVariantGroup section */

/* Begin XCBuildConfiguration section */
		6F8510801D380B8B00318907 /* Debug */ = {
			isa = XCBuildConfiguration;
			buildSettings = {
				ALWAYS_SEARCH_USER_PATHS = NO;
				CLANG_ANALYZER_NONNULL = YES;
				CLANG_CXX_LANGUAGE_STANDARD = "gnu++0x";
				CLANG_CXX_LIBRARY = "libc++";
				CLANG_ENABLE_MODULES = YES;
				CLANG_ENABLE_OBJC_ARC = YES;
				CLANG_WARN_BOOL_CONVERSION = YES;
				CLANG_WARN_CONSTANT_CONVERSION = YES;
				CLANG_WARN_DIRECT_OBJC_ISA_USAGE = YES_ERROR;
				CLANG_WARN_EMPTY_BODY = YES;
				CLANG_WARN_ENUM_CONVERSION = YES;
				CLANG_WARN_INT_CONVERSION = YES;
				CLANG_WARN_OBJC_ROOT_CLASS = YES_ERROR;
				CLANG_WARN_UNREACHABLE_CODE = YES;
				CLANG_WARN__DUPLICATE_METHOD_MATCH = YES;
				"CODE_SIGN_IDENTITY[sdk=iphoneos*]" = "iPhone Developer";
				COPY_PHASE_STRIP = NO;
				DEBUG_INFORMATION_FORMAT = dwarf;
				ENABLE_STRICT_OBJC_MSGSEND = YES;
				ENABLE_TESTABILITY = YES;
				GCC_C_LANGUAGE_STANDARD = gnu99;
				GCC_DYNAMIC_NO_PIC = NO;
				GCC_NO_COMMON_BLOCKS = YES;
				GCC_OPTIMIZATION_LEVEL = 0;
				GCC_PREPROCESSOR_DEFINITIONS = (
					"DEBUG=1",
					"$(inherited)",
				);
				GCC_WARN_64_TO_32_BIT_CONVERSION = YES;
				GCC_WARN_ABOUT_RETURN_TYPE = YES_ERROR;
				GCC_WARN_UNDECLARED_SELECTOR = YES;
				GCC_WARN_UNINITIALIZED_AUTOS = YES_AGGRESSIVE;
				GCC_WARN_UNUSED_FUNCTION = YES;
				GCC_WARN_UNUSED_VARIABLE = YES;
				IPHONEOS_DEPLOYMENT_TARGET = 9.3;
				MTL_ENABLE_DEBUG_INFO = YES;
				ONLY_ACTIVE_ARCH = YES;
				SDKROOT = iphoneos;
				SWIFT_OPTIMIZATION_LEVEL = "-Onone";
				TARGETED_DEVICE_FAMILY = "1,2";
			};
			name = Debug;
		};
		6F8510811D380B8B00318907 /* Release */ = {
			isa = XCBuildConfiguration;
			buildSettings = {
				ALWAYS_SEARCH_USER_PATHS = NO;
				CLANG_ANALYZER_NONNULL = YES;
				CLANG_CXX_LANGUAGE_STANDARD = "gnu++0x";
				CLANG_CXX_LIBRARY = "libc++";
				CLANG_ENABLE_MODULES = YES;
				CLANG_ENABLE_OBJC_ARC = YES;
				CLANG_WARN_BOOL_CONVERSION = YES;
				CLANG_WARN_CONSTANT_CONVERSION = YES;
				CLANG_WARN_DIRECT_OBJC_ISA_USAGE = YES_ERROR;
				CLANG_WARN_EMPTY_BODY = YES;
				CLANG_WARN_ENUM_CONVERSION = YES;
				CLANG_WARN_INT_CONVERSION = YES;
				CLANG_WARN_OBJC_ROOT_CLASS = YES_ERROR;
				CLANG_WARN_UNREACHABLE_CODE = YES;
				CLANG_WARN__DUPLICATE_METHOD_MATCH = YES;
				"CODE_SIGN_IDENTITY[sdk=iphoneos*]" = "iPhone Developer";
				COPY_PHASE_STRIP = NO;
				DEBUG_INFORMATION_FORMAT = "dwarf-with-dsym";
				ENABLE_NS_ASSERTIONS = NO;
				ENABLE_STRICT_OBJC_MSGSEND = YES;
				GCC_C_LANGUAGE_STANDARD = gnu99;
				GCC_NO_COMMON_BLOCKS = YES;
				GCC_WARN_64_TO_32_BIT_CONVERSION = YES;
				GCC_WARN_ABOUT_RETURN_TYPE = YES_ERROR;
				GCC_WARN_UNDECLARED_SELECTOR = YES;
				GCC_WARN_UNINITIALIZED_AUTOS = YES_AGGRESSIVE;
				GCC_WARN_UNUSED_FUNCTION = YES;
				GCC_WARN_UNUSED_VARIABLE = YES;
				IPHONEOS_DEPLOYMENT_TARGET = 9.3;
				MTL_ENABLE_DEBUG_INFO = NO;
				SDKROOT = iphoneos;
				TARGETED_DEVICE_FAMILY = "1,2";
				VALIDATE_PRODUCT = YES;
			};
			name = Release;
		};
		6F8510831D380B8B00318907 /* Debug */ = {
			isa = XCBuildConfiguration;
			baseConfigurationReference = F16BB95AF3E5CF86723CEF2D /* Pods-PokiDoki2.debug.xcconfig */;
			buildSettings = {
				ASSETCATALOG_COMPILER_APPICON_NAME = AppIcon;
				INFOPLIST_FILE = PokiDoki2/Info.plist;
				LD_RUNPATH_SEARCH_PATHS = "$(inherited) @executable_path/Frameworks";
				PRODUCT_BUNDLE_IDENTIFIER = DinnerCall.PokiDoki2;
				PRODUCT_NAME = "$(TARGET_NAME)";
			};
			name = Debug;
		};
		6F8510841D380B8B00318907 /* Release */ = {
			isa = XCBuildConfiguration;
			baseConfigurationReference = 1E10E947883352997DAA0795 /* Pods-PokiDoki2.release.xcconfig */;
			buildSettings = {
				ASSETCATALOG_COMPILER_APPICON_NAME = AppIcon;
				INFOPLIST_FILE = PokiDoki2/Info.plist;
				LD_RUNPATH_SEARCH_PATHS = "$(inherited) @executable_path/Frameworks";
				PRODUCT_BUNDLE_IDENTIFIER = DinnerCall.PokiDoki2;
				PRODUCT_NAME = "$(TARGET_NAME)";
			};
			name = Release;
		};
		6F8510861D380B8B00318907 /* Debug */ = {
			isa = XCBuildConfiguration;
			baseConfigurationReference = 5401D88FF3FED32374ED9351 /* Pods-PokiDoki2Tests.debug.xcconfig */;
			buildSettings = {
				BUNDLE_LOADER = "$(TEST_HOST)";
				INFOPLIST_FILE = PokiDoki2Tests/Info.plist;
				LD_RUNPATH_SEARCH_PATHS = "$(inherited) @executable_path/Frameworks @loader_path/Frameworks";
				PRODUCT_BUNDLE_IDENTIFIER = DinnerCall.PokiDoki2Tests;
				PRODUCT_NAME = "$(TARGET_NAME)";
				TEST_HOST = "$(BUILT_PRODUCTS_DIR)/PokiDoki2.app/PokiDoki2";
			};
			name = Debug;
		};
		6F8510871D380B8B00318907 /* Release */ = {
			isa = XCBuildConfiguration;
			baseConfigurationReference = 2873FA14C5C78B6249E1CC90 /* Pods-PokiDoki2Tests.release.xcconfig */;
			buildSettings = {
				BUNDLE_LOADER = "$(TEST_HOST)";
				INFOPLIST_FILE = PokiDoki2Tests/Info.plist;
				LD_RUNPATH_SEARCH_PATHS = "$(inherited) @executable_path/Frameworks @loader_path/Frameworks";
				PRODUCT_BUNDLE_IDENTIFIER = DinnerCall.PokiDoki2Tests;
				PRODUCT_NAME = "$(TARGET_NAME)";
				TEST_HOST = "$(BUILT_PRODUCTS_DIR)/PokiDoki2.app/PokiDoki2";
			};
			name = Release;
		};
		6F8510891D380B8B00318907 /* Debug */ = {
			isa = XCBuildConfiguration;
			baseConfigurationReference = DDFFBF28F76E6883313372D4 /* Pods-PokiDoki2UITests.debug.xcconfig */;
			buildSettings = {
				INFOPLIST_FILE = PokiDoki2UITests/Info.plist;
				LD_RUNPATH_SEARCH_PATHS = "$(inherited) @executable_path/Frameworks @loader_path/Frameworks";
				PRODUCT_BUNDLE_IDENTIFIER = DinnerCall.PokiDoki2UITests;
				PRODUCT_NAME = "$(TARGET_NAME)";
				TEST_TARGET_NAME = PokiDoki2;
			};
			name = Debug;
		};
		6F85108A1D380B8B00318907 /* Release */ = {
			isa = XCBuildConfiguration;
			baseConfigurationReference = 8E845A1EF28A979EF57AE3A9 /* Pods-PokiDoki2UITests.release.xcconfig */;
			buildSettings = {
				INFOPLIST_FILE = PokiDoki2UITests/Info.plist;
				LD_RUNPATH_SEARCH_PATHS = "$(inherited) @executable_path/Frameworks @loader_path/Frameworks";
				PRODUCT_BUNDLE_IDENTIFIER = DinnerCall.PokiDoki2UITests;
				PRODUCT_NAME = "$(TARGET_NAME)";
				TEST_TARGET_NAME = PokiDoki2;
			};
			name = Release;
		};
/* End XCBuildConfiguration section */

/* Begin XCConfigurationList section */
		6F8510551D380B8B00318907 /* Build configuration list for PBXProject "PokiDoki2" */ = {
			isa = XCConfigurationList;
			buildConfigurations = (
				6F8510801D380B8B00318907 /* Debug */,
				6F8510811D380B8B00318907 /* Release */,
			);
			defaultConfigurationIsVisible = 0;
			defaultConfigurationName = Release;
		};
		6F8510821D380B8B00318907 /* Build configuration list for PBXNativeTarget "PokiDoki2" */ = {
			isa = XCConfigurationList;
			buildConfigurations = (
				6F8510831D380B8B00318907 /* Debug */,
				6F8510841D380B8B00318907 /* Release */,
			);
			defaultConfigurationIsVisible = 0;
			defaultConfigurationName = Release;
		};
		6F8510851D380B8B00318907 /* Build configuration list for PBXNativeTarget "PokiDoki2Tests" */ = {
			isa = XCConfigurationList;
			buildConfigurations = (
				6F8510861D380B8B00318907 /* Debug */,
				6F8510871D380B8B00318907 /* Release */,
			);
			defaultConfigurationIsVisible = 0;
			defaultConfigurationName = Release;
		};
		6F8510881D380B8B00318907 /* Build configuration list for PBXNativeTarget "PokiDoki2UITests" */ = {
			isa = XCConfigurationList;
			buildConfigurations = (
				6F8510891D380B8B00318907 /* Debug */,
				6F85108A1D380B8B00318907 /* Release */,
			);
			defaultConfigurationIsVisible = 0;
			defaultConfigurationName = Release;
		};
/* End XCConfigurationList section */
	};
	rootObject = 6F8510521D380B8B00318907 /* Project object */;
}
